
Microsoft Visual Studio Solution File, Format Version 12.00
# Visual Studio 15
VisualStudioVersion = 15.0.28010.2050
MinimumVisualStudioVersion = 10.0.40219.1
Project("{FAE04EC0-301F-11D3-BF4B-00C04F79EFBC}") = "WindowsForms", "WindowsForms\WindowsForms.csproj", "{D8B3027E-EF88-4DBA-AC9A-E3CE2FFFEB56}"
EndProject
Global
	GlobalSection(SolutionConfigurationPlatforms) = preSolution
		Debug|Any CPU = Debug|Any CPU
		Release|Any CPU = Release|Any CPU
	EndGlobalSection
	GlobalSection(ProjectConfigurationPlatforms) = postSolution
		{D8B3027E-EF88-4DBA-AC9A-E3CE2FFFEB56}.Debug|Any CPU.ActiveCfg = Debug|Any CPU
		{D8B3027E-EF88-4DBA-AC9A-E3CE2FFFEB56}.Debug|Any CPU.Build.0 = Debug|Any CPU
		{D8B3027E-EF88-4DBA-AC9A-E3CE2FFFEB56}.Release|Any CPU.ActiveCfg = Release|Any CPU
		{D8B3027E-EF88-4DBA-AC9A-E3CE2FFFEB56}.Release|Any CPU.Build.0 = Release|Any CPU
	EndGlobalSection
	GlobalSection(SolutionProperties) = preSolution
		HideSolutionNode = FALSE
	EndGlobalSection
	GlobalSection(ExtensibilityGlobals) = postSolution
		SolutionGuid = {68C9E627-61EC-4B8A-931E-7D34B54718FA}
	EndGlobalSection
EndGlobal
